// !$*UTF8*$!
{
	archiveVersion = 1;
	classes = {
	};
	objectVersion = 48;
	objects = {

/* Begin PBXBuildFile section */
		C271A0512000B5E5002CF9C9 /* AppDelegate.m in Sources */ = {isa = PBXBuildFile; fileRef = C271A0502000B5E5002CF9C9 /* AppDelegate.m */; };
		C271A0542000B5E5002CF9C9 /* ViewController.m in Sources */ = {isa = PBXBuildFile; fileRef = C271A0532000B5E5002CF9C9 /* ViewController.m */; };
		C271A0572000B5E5002CF9C9 /* Main.storyboard in Resources */ = {isa = PBXBuildFile; fileRef = C271A0552000B5E5002CF9C9 /* Main.storyboard */; };
		C271A0592000B5E5002CF9C9 /* Assets.xcassets in Resources */ = {isa = PBXBuildFile; fileRef = C271A0582000B5E5002CF9C9 /* Assets.xcassets */; };
		C271A05C2000B5E5002CF9C9 /* LaunchScreen.storyboard in Resources */ = {isa = PBXBuildFile; fileRef = C271A05A2000B5E5002CF9C9 /* LaunchScreen.storyboard */; };
		C271A05F2000B5E5002CF9C9 /* main.m in Sources */ = {isa = PBXBuildFile; fileRef = C271A05E2000B5E5002CF9C9 /* main.m */; };
/* End PBXBuildFile section */

/* Begin PBXFileReference section */
		C271A04C2000B5E5002CF9C9 /* LearnGitDemo.app */ = {isa = PBXFileReference; explicitFileType = wrapper.application; includeInIndex = 0; path = LearnGitDemo.app; sourceTree = BUILT_PRODUCTS_DIR; };
		C271A04F2000B5E5002CF9C9 /* AppDelegate.h */ = {isa = PBXFileReference; lastKnownFileType = sourcecode.c.h; path = AppDelegate.h; sourceTree = "<group>"; };
		C271A0502000B5E5002CF9C9 /* AppDelegate.m */ = {isa = PBXFileReference; lastKnownFileType = sourcecode.c.objc; path = AppDelegate.m; sourceTree = "<group>"; };
		C271A0522000B5E5002CF9C9 /* ViewController.h */ = {isa = PBXFileReference; lastKnownFileType = sourcecode.c.h; path = ViewController.h; sourceTree = "<group>"; };
		C271A0532000B5E5002CF9C9 /* ViewController.m */ = {isa = PBXFileReference; lastKnownFileType = sourcecode.c.objc; path = ViewController.m; sourceTree = "<group>"; };
		C271A0562000B5E5002CF9C9 /* Base */ = {isa = PBXFileReference; lastKnownFileType = file.storyboard; name = Base; path = Base.lproj/Main.storyboard; sourceTree = "<group>"; };
		C271A0582000B5E5002CF9C9 /* Assets.xcassets */ = {isa = PBXFileReference; lastKnownFileType = folder.assetcatalog; path = Assets.xcassets; sourceTree = "<group>"; };
		C271A05B2000B5E5002CF9C9 /* Base */ = {isa = PBXFileReference; lastKnownFileType = file.storyboard; name = Base; path = Base.lproj/LaunchScreen.storyboard; sourceTree = "<group>"; };
		C271A05D2000B5E5002CF9C9 /* Info.plist */ = {isa = PBXFileReference; lastKnownFileType = text.plist.xml; path = Info.plist; sourceTree = "<group>"; };
		C271A05E2000B5E5002CF9C9 /* main.m */ = {isa = PBXFileReference; lastKnownFileType = sourcecode.c.objc; path = main.m; sourceTree = "<group>"; };
/* End PBXFileReference section */

/* Begin PBXFrameworksBuildPhase section */
		C271A0492000B5E5002CF9C9 /* Frameworks */ = {
			isa = PBXFrameworksBuildPhase;
			buildActionMask = 2147483647;
			files = (
			);
			runOnlyForDeploymentPostprocessing = 0;
		};
/* End PBXFrameworksBuildPhase section */

/* Begin PBXGroup section */
		C271A0432000B5E5002CF9C9 = {
			isa = PBXGroup;
			children = (
				C271A04E2000B5E5002CF9C9 /* LearnGitDemo */,
				C271A04D2000B5E5002CF9C9 /* Products */,
			);
			sourceTree = "<group>";
		};
		C271A04D2000B5E5002CF9C9 /* Products */ = {
			isa = PBXGroup;
			children = (
				C271A04C2000B5E5002CF9C9 /* LearnGitDemo.app */,
			);
			name = Products;
			sourceTree = "<group>";
		};
		C271A04E2000B5E5002CF9C9 /* LearnGitDemo */ = {
			isa = PBXGroup;
			children = (
				C271A04F2000B5E5002CF9C9 /* AppDelegate.h */,
				C271A0502000B5E5002CF9C9 /* AppDelegate.m */,
				C271A0522000B5E5002CF9C9 /* ViewController.h */,
				C271A0532000B5E5002CF9C9 /* ViewController.m */,
				C271A0552000B5E5002CF9C9 /* Main.storyboard */,
				C271A0582000B5E5002CF9C9 /* Assets.xcassets */,
				C271A05A2000B5E5002CF9C9 /* LaunchScreen.storyboard */,
				C271A05D2000B5E5002CF9C9 /* Info.plist */,
				C271A05E2000B5E5002CF9C9 /* main.m */,
			);
			path = LearnGitDemo;
			sourceTree = "<group>";
		};
/* End PBXGroup section */

/* Begin PBXNativeTarget section */
		C271A04B2000B5E5002CF9C9 /* LearnGitDemo */ = {
			isa = PBXNativeTarget;
			buildConfigurationList = C271A0622000B5E5002CF9C9 /* Build configuration list for PBXNativeTarget "LearnGitDemo" */;
			buildPhases = (
				C271A0482000B5E5002CF9C9 /* Sources */,
				C271A0492000B5E5002CF9C9 /* Frameworks */,
				C271A04A2000B5E5002CF9C9 /* Resources */,
			);
			buildRules = (
			);
			dependencies = (
			);
			name = LearnGitDemo;
			productName = LearnGitDemo;
			productReference = C271A04C2000B5E5002CF9C9 /* LearnGitDemo.app */;
			productType = "com.apple.product-type.application";
		};
/* End PBXNativeTarget section */

/* Begin PBXProject section */
		C271A0442000B5E5002CF9C9 /* Project object */ = {
			isa = PBXProject;
			attributes = {
				LastUpgradeCheck = 0920;
				ORGANIZATIONNAME = WMB;
				TargetAttributes = {
					C271A04B2000B5E5002CF9C9 = {
						CreatedOnToolsVersion = 9.2;
						ProvisioningStyle = Automatic;
					};
				};
			};
			buildConfigurationList = C271A0472000B5E5002CF9C9 /* Build configuration list for PBXProject "LearnGitDemo" */;
			compatibilityVersion = "Xcode 8.0";
			developmentRegion = en;
			hasScannedForEncodings = 0;
			knownRegions = (
				en,
				Base,
			);
			mainGroup = C271A0432000B5E5002CF9C9;
			productRefGroup = C271A04D2000B5E5002CF9C9 /* Products */;
			projectDirPath = "";
			projectRoot = "";
			targets = (
				C271A04B2000B5E5002CF9C9 /* LearnGitDemo */,
			);
		};
/* End PBXProject section */

/* Begin PBXResourcesBuildPhase section */
		C271A04A2000B5E5002CF9C9 /* Resources */ = {
			isa = PBXResourcesBuildPhase;
			buildActionMask = 2147483647;
			files = (
				C271A05C2000B5E5002CF9C9 /* LaunchScreen.storyboard in Resources */,
				C271A0592000B5E5002CF9C9 /* Assets.xcassets in Resources */,
				C271A0572000B5E5002CF9C9 /* Main.storyboard in Resources */,
			);
			runOnlyForDeploymentPostprocessing = 0;
		};
/* End PBXResourcesBuildPhase section */

/* Begin PBXSourcesBuildPhase section */
		C271A0482000B5E5002CF9C9 /* Sources */ = {
			isa = PBXSourcesBuildPhase;
			buildActionMask = 2147483647;
			files = (
				C271A0542000B5E5002CF9C9 /* ViewController.m in Sources */,
				C271A05F2000B5E5002CF9C9 /* main.m in Sources */,
				C271A0512000B5E5002CF9C9 /* AppDelegate.m in Sources */,
			);
			runOnlyForDeploymentPostprocessing = 0;
		};
/* End PBXSourcesBuildPhase section */

/* Begin PBXVariantGroup section */
		C271A0552000B5E5002CF9C9 /* Main.storyboard */ = {
			isa = PBXVariantGroup;
			children = (
				C271A0562000B5E5002CF9C9 /* Base */,
			);
			name = Main.storyboard;
			sourceTree = "<group>";
		};
		C271A05A2000B5E5002CF9C9 /* LaunchScreen.storyboard */ = {
			isa = PBXVariantGroup;
			children = (
				C271A05B2000B5E5002CF9C9 /* Base */,
			);
			name = LaunchScreen.storyboard;
			sourceTree = "<group>";
		};
/* End PBXVariantGroup section */

/* Begin XCBuildConfiguration section */
		C271A0602000B5E5002CF9C9 /* Debug */ = {
			isa = XCBuildConfiguration;
			buildSettings = {
				ALWAYS_SEARCH_USER_PATHS = NO;
				CLANG_ANALYZER_NONNULL = YES;
				CLANG_ANALYZER_NUMBER_OBJECT_CONVERSION = YES_AGGRESSIVE;
				CLANG_CXX_LANGUAGE_STANDARD = "gnu++14";
				CLANG_CXX_LIBRARY = "libc++";
				CLANG_ENABLE_MODULES = YES;
				CLANG_ENABLE_OBJC_ARC = YES;
				CLANG_WARN_BLOCK_CAPTURE_AUTORELEASING = YES;
				CLANG_WARN_BOOL_CONVERSION = YES;
				CLANG_WARN_COMMA = YES;
				CLANG_WARN_CONSTANT_CONVERSION = YES;
				CLANG_WARN_DIRECT_OBJC_ISA_USAGE = YES_ERROR;
				CLANG_WARN_DOCUMENTATION_COMMENTS = YES;
				CLANG_WARN_EMPTY_BODY = YES;
				CLANG_WARN_ENUM_CONVERSION = YES;
				CLANG_WARN_INFINITE_RECURSION = YES;
				CLANG_WARN_INT_CONVERSION = YES;
				CLANG_WARN_NON_LITERAL_NULL_CONVERSION = YES;
				CLANG_WARN_OBJC_LITERAL_CONVERSION = YES;
				CLANG_WARN_OBJC_ROOT_CLASS = YES_ERROR;
				CLANG_WARN_RANGE_LOOP_ANALYSIS = YES;
				CLANG_WARN_STRICT_PROTOTYPES = YES;
				CLANG_WARN_SUSPICIOUS_MOVE = YES;
				CLANG_WARN_UNGUARDED_AVAILABILITY = YES_AGGRESSIVE;
				CLANG_WARN_UNREACHABLE_CODE = YES;
				CLANG_WARN__DUPLICATE_METHOD_MATCH = YES;
				CODE_SIGN_IDENTITY = "iPhone Developer";
				COPY_PHASE_STRIP = NO;
				DEBUG_INFORMATION_FORMAT = dwarf;
				ENABLE_STRICT_OBJC_MSGSEND = YES;
				ENABLE_TESTABILITY = YES;
				GCC_C_LANGUAGE_STANDARD = gnu11;
				GCC_DYNAMIC_NO_PIC = NO;
				GCC_NO_COMMON_BLOCKS = YES;
				GCC_OPTIMIZATION_LEVEL = 0;
				GCC_PREPROCESSOR_DEFINITIONS = (
					"DEBUG=1",
					"$(inherited)",
				);
				GCC_WARN_64_TO_32_BIT_CONVERSION = YES;
				GCC_WARN_ABOUT_RETURN_TYPE = YES_ERROR;
				GCC_WARN_UNDECLARED_SELECTOR = YES;
				GCC_WARN_UNINITIALIZED_AUTOS = YES_AGGRESSIVE;
				GCC_WARN_UNUSED_FUNCTION = YES;
				GCC_WARN_UNUSED_VARIABLE = YES;
				IPHONEOS_DEPLOYMENT_TARGET = 11.2;
				MTL_ENABLE_DEBUG_INFO = YES;
				ONLY_ACTIVE_ARCH = YES;
				SDKROOT = iphoneos;
			};
			name = Debug;
		};
		C271A0612000B5E5002CF9C9 /* Release */ = {
			isa = XCBuildConfiguration;
			buildSettings = {
				ALWAYS_SEARCH_USER_PATHS = NO;
				CLANG_ANALYZER_NONNULL = YES;
				CLANG_ANALYZER_NUMBER_OBJECT_CONVERSION = YES_AGGRESSIVE;
				CLANG_CXX_LANGUAGE_STANDARD = "gnu++14";
				CLANG_CXX_LIBRARY = "libc++";
				CLANG_ENABLE_MODULES = YES;
				CLANG_ENABLE_OBJC_ARC = YES;
				CLANG_WARN_BLOCK_CAPTURE_AUTORELEASING = YES;
				CLANG_WARN_BOOL_CONVERSION = YES;
				CLANG_WARN_COMMA = YES;
				CLANG_WARN_CONSTANT_CONVERSION = YES;
				CLANG_WARN_DIRECT_OBJC_ISA_USAGE = YES_ERROR;
				CLANG_WARN_DOCUMENTATION_COMMENTS = YES;
				CLANG_WARN_EMPTY_BODY = YES;
				CLANG_WARN_ENUM_CONVERSION = YES;
				CLANG_WARN_INFINITE_RECURSION = YES;
				CLANG_WARN_INT_CONVERSION = YES;
				CLANG_WARN_NON_LITERAL_NULL_CONVERSION = YES;
				CLANG_WARN_OBJC_LITERAL_CONVERSION = YES;
				CLANG_WARN_OBJC_ROOT_CLASS = YES_ERROR;
				CLANG_WARN_RANGE_LOOP_ANALYSIS = YES;
				CLANG_WARN_STRICT_PROTOTYPES = YES;
				CLANG_WARN_SUSPICIOUS_MOVE = YES;
				CLANG_WARN_UNGUARDED_AVAILABILITY = YES_AGGRESSIVE;
				CLANG_WARN_UNREACHABLE_CODE = YES;
				CLANG_WARN__DUPLICATE_METHOD_MATCH = YES;
				CODE_SIGN_IDENTITY = "iPhone Developer";
				COPY_PHASE_STRIP = NO;
				DEBUG_INFORMATION_FORMAT = "dwarf-with-dsym";
				ENABLE_NS_ASSERTIONS = NO;
				ENABLE_STRICT_OBJC_MSGSEND = YES;
				GCC_C_LANGUAGE_STANDARD = gnu11;
				GCC_NO_COMMON_BLOCKS = YES;
				GCC_WARN_64_TO_32_BIT_CONVERSION = YES;
				GCC_WARN_ABOUT_RETURN_TYPE = YES_ERROR;
				GCC_WARN_UNDECLARED_SELECTOR = YES;
				GCC_WARN_UNINITIALIZED_AUTOS = YES_AGGRESSIVE;
				GCC_WARN_UNUSED_FUNCTION = YES;
				GCC_WARN_UNUSED_VARIABLE = YES;
				IPHONEOS_DEPLOYMENT_TARGET = 11.2;
				MTL_ENABLE_DEBUG_INFO = NO;
				SDKROOT = iphoneos;
				VALIDATE_PRODUCT = YES;
			};
			name = Release;
		};
		C271A0632000B5E5002CF9C9 /* Debug */ = {
			isa = XCBuildConfiguration;
			buildSettings = {
				ASSETCATALOG_COMPILER_APPICON_NAME = AppIcon;
				CODE_SIGN_STYLE = Automatic;
				INFOPLIST_FILE = LearnGitDemo/Info.plist;
				LD_RUNPATH_SEARCH_PATHS = "$(inherited) @executable_path/Frameworks";
				PRODUCT_BUNDLE_IDENTIFIER = WENBO.LearnGitDemo;
				PRODUCT_NAME = "$(TARGET_NAME)";
				TARGETED_DEVICE_FAMILY = "1,2";
			};
			name = Debug;
		};
		C271A0642000B5E5002CF9C9 /* Release */ = {
			isa = XCBuildConfiguration;
			buildSettings = {
				ASSETCATALOG_COMPILER_APPICON_NAME = AppIcon;
				CODE_SIGN_STYLE = Automatic;
				INFOPLIST_FILE = LearnGitDemo/Info.plist;
				LD_RUNPATH_SEARCH_PATHS = "$(inherited) @executable_path/Frameworks";
				PRODUCT_BUNDLE_IDENTIFIER = WENBO.LearnGitDemo;
				PRODUCT_NAME = "$(TARGET_NAME)";
				TARGETED_DEVICE_FAMILY = "1,2";
			};
			name = Release;
		};
/* End XCBuildConfiguration section */

/* Begin XCConfigurationList section */
		C271A0472000B5E5002CF9C9 /* Build configuration list for PBXProject "LearnGitDemo" */ = {
			isa = XCConfigurationList;
			buildConfigurations = (
				C271A0602000B5E5002CF9C9 /* Debug */,
				C271A0612000B5E5002CF9C9 /* Release */,
			);
			defaultConfigurationIsVisible = 0;
			defaultConfigurationName = Release;
		};
		C271A0622000B5E5002CF9C9 /* Build configuration list for PBXNativeTarget "LearnGitDemo" */ = {
			isa = XCConfigurationList;
			buildConfigurations = (
				C271A0632000B5E5002CF9C9 /* Debug */,
				C271A0642000B5E5002CF9C9 /* Release */,
			);
			defaultConfigurationIsVisible = 0;
			defaultConfigurationName = Release;
		};
/* End XCConfigurationList section */
	};
	rootObject = C271A0442000B5E5002CF9C9 /* Project object */;
}
